
Microsoft Visual Studio Solution File, Format Version 12.00
# Visual Studio Version 17
VisualStudioVersion = 17.14.36408.4 d17.14
MinimumVisualStudioVersion = 10.0.40219.1
Project("{8BC9CEB8-8B4A-11D0-8D11-00A0C91BC942}") = "DeRncMC2Files", "DeRncMC2Files.vcxproj", "{467869EC-DFA7-41D0-842C-95182F6D8480}"
EndProject
Global
	GlobalSection(SolutionConfigurationPlatforms) = preSolution
		Debug|x64 = Debug|x64
		Debug|x86 = Debug|x86
		Release|x64 = Release|x64
		Release|x86 = Release|x86
	EndGlobalSection
	GlobalSection(ProjectConfigurationPlatforms) = postSolution
		{467869EC-DFA7-41D0-842C-95182F6D8480}.Debug|x64.ActiveCfg = Debug|x64
		{467869EC-DFA7-41D0-842C-95182F6D8480}.Debug|x64.Build.0 = Debug|x64
		{467869EC-DFA7-41D0-842C-95182F6D8480}.Debug|x86.ActiveCfg = Debug|Win32
		{467869EC-DFA7-41D0-842C-95182F6D8480}.Debug|x86.Build.0 = Debug|Win32
		{467869EC-DFA7-41D0-842C-95182F6D8480}.Release|x64.ActiveCfg = Release|x64
		{467869EC-DFA7-41D0-842C-95182F6D8480}.Release|x64.Build.0 = Release|x64
		{467869EC-DFA7-41D0-842C-95182F6D8480}.Release|x86.ActiveCfg = Release|Win32
		{467869EC-DFA7-41D0-842C-95182F6D8480}.Release|x86.Build.0 = Release|Win32
	EndGlobalSection
	GlobalSection(SolutionProperties) = preSolution
		HideSolutionNode = FALSE
	EndGlobalSection
	GlobalSection(ExtensibilityGlobals) = postSolution
		SolutionGuid = {71D9F1E9-8E96-4F4B-ABE8-EE998279F00C}
	EndGlobalSection
EndGlobal
