
Microsoft Visual Studio Solution File, Format Version 12.00
# Visual Studio Version 17
VisualStudioVersion = 17.14.36408.4 d17.14
MinimumVisualStudioVersion = 10.0.40219.1
Project("{8BC9CEB8-8B4A-11D0-8D11-00A0C91BC942}") = "MakeReflectionTexture", "MakeReflectionTexture.vcxproj", "{C3500B15-779D-4B2A-A9D7-313455DDFC11}"
EndProject
Global
	GlobalSection(SolutionConfigurationPlatforms) = preSolution
		Debug|x64 = Debug|x64
		Debug|x86 = Debug|x86
		Release|x64 = Release|x64
		Release|x86 = Release|x86
	EndGlobalSection
	GlobalSection(ProjectConfigurationPlatforms) = postSolution
		{C3500B15-779D-4B2A-A9D7-313455DDFC11}.Debug|x64.ActiveCfg = Debug|x64
		{C3500B15-779D-4B2A-A9D7-313455DDFC11}.Debug|x64.Build.0 = Debug|x64
		{C3500B15-779D-4B2A-A9D7-313455DDFC11}.Debug|x86.ActiveCfg = Debug|Win32
		{C3500B15-779D-4B2A-A9D7-313455DDFC11}.Debug|x86.Build.0 = Debug|Win32
		{C3500B15-779D-4B2A-A9D7-313455DDFC11}.Release|x64.ActiveCfg = Release|x64
		{C3500B15-779D-4B2A-A9D7-313455DDFC11}.Release|x64.Build.0 = Release|x64
		{C3500B15-779D-4B2A-A9D7-313455DDFC11}.Release|x86.ActiveCfg = Release|Win32
		{C3500B15-779D-4B2A-A9D7-313455DDFC11}.Release|x86.Build.0 = Release|Win32
	EndGlobalSection
	GlobalSection(SolutionProperties) = preSolution
		HideSolutionNode = FALSE
	EndGlobalSection
	GlobalSection(ExtensibilityGlobals) = postSolution
		SolutionGuid = {3A72028E-AD2B-49B8-9B19-6C5A7FBC39C0}
	EndGlobalSection
EndGlobal
