
Microsoft Visual Studio Solution File, Format Version 12.00
# Visual Studio Version 17
Project("{2150E333-8FDC-42A3-9474-1A3956D46DE8}") = "CMakePredefinedTargets", "CMakePredefinedTargets", "{827EDE9E-0E15-3C8E-B56E-A90444A45874}"
EndProject
Project("{2150E333-8FDC-42A3-9474-1A3956D46DE8}") = "godot-cpp", "godot-cpp", "{3BF6036B-F986-381A-8BC5-95971EC3DAFF}"
EndProject
Project("{8BC9CEB8-8B4A-11D0-8D11-00A0C91BC942}") = "ALL_BUILD", "ALL_BUILD.vcxproj", "{2561D8E5-3115-37C2-A83B-25AEEDCCD4AA}"
	ProjectSection(ProjectDependencies) = postProject
		{D98EB092-3507-3AF1-8E5E-4380E91B9703} = {D98EB092-3507-3AF1-8E5E-4380E91B9703}
		{1F363A6D-6047-3793-87B8-1E53DA558EA8} = {1F363A6D-6047-3793-87B8-1E53DA558EA8}
		{DAF1470F-75A9-31E5-92DB-1EEE3FFEB81A} = {DAF1470F-75A9-31E5-92DB-1EEE3FFEB81A}
	EndProjectSection
EndProject
Project("{8BC9CEB8-8B4A-11D0-8D11-00A0C91BC942}") = "EXTENSION-NAME", "EXTENSION-NAME.vcxproj", "{D98EB092-3507-3AF1-8E5E-4380E91B9703}"
	ProjectSection(ProjectDependencies) = postProject
		{1F363A6D-6047-3793-87B8-1E53DA558EA8} = {1F363A6D-6047-3793-87B8-1E53DA558EA8}
		{A218D956-9F15-35A8-BD0D-DDC1C509DA71} = {A218D956-9F15-35A8-BD0D-DDC1C509DA71}
		{DAF1470F-75A9-31E5-92DB-1EEE3FFEB81A} = {DAF1470F-75A9-31E5-92DB-1EEE3FFEB81A}
	EndProjectSection
EndProject
Project("{8BC9CEB8-8B4A-11D0-8D11-00A0C91BC942}") = "ZERO_CHECK", "ZERO_CHECK.vcxproj", "{1F363A6D-6047-3793-87B8-1E53DA558EA8}"
	ProjectSection(ProjectDependencies) = postProject
	EndProjectSection
EndProject
Project("{8BC9CEB8-8B4A-11D0-8D11-00A0C91BC942}") = "generate_bindings", "godot-cpp\generate_bindings.vcxproj", "{50C31BCB-B54C-3817-BB1E-8124EBCF9B40}"
	ProjectSection(ProjectDependencies) = postProject
		{1F363A6D-6047-3793-87B8-1E53DA558EA8} = {1F363A6D-6047-3793-87B8-1E53DA558EA8}
	EndProjectSection
EndProject
Project("{8BC9CEB8-8B4A-11D0-8D11-00A0C91BC942}") = "generate_doc_source", "generate_doc_source.vcxproj", "{A218D956-9F15-35A8-BD0D-DDC1C509DA71}"
	ProjectSection(ProjectDependencies) = postProject
		{1F363A6D-6047-3793-87B8-1E53DA558EA8} = {1F363A6D-6047-3793-87B8-1E53DA558EA8}
	EndProjectSection
EndProject
Project("{8BC9CEB8-8B4A-11D0-8D11-00A0C91BC942}") = "godot-cpp", "godot-cpp\godot-cpp.vcxproj", "{DAF1470F-75A9-31E5-92DB-1EEE3FFEB81A}"
	ProjectSection(ProjectDependencies) = postProject
		{1F363A6D-6047-3793-87B8-1E53DA558EA8} = {1F363A6D-6047-3793-87B8-1E53DA558EA8}
		{50C31BCB-B54C-3817-BB1E-8124EBCF9B40} = {50C31BCB-B54C-3817-BB1E-8124EBCF9B40}
	EndProjectSection
EndProject
Global
	GlobalSection(SolutionConfigurationPlatforms) = preSolution
		Debug|x64 = Debug|x64
		Release|x64 = Release|x64
		MinSizeRel|x64 = MinSizeRel|x64
		RelWithDebInfo|x64 = RelWithDebInfo|x64
	EndGlobalSection
	GlobalSection(ProjectConfigurationPlatforms) = postSolution
		{2561D8E5-3115-37C2-A83B-25AEEDCCD4AA}.Debug|x64.ActiveCfg = Debug|x64
		{2561D8E5-3115-37C2-A83B-25AEEDCCD4AA}.Release|x64.ActiveCfg = Release|x64
		{2561D8E5-3115-37C2-A83B-25AEEDCCD4AA}.MinSizeRel|x64.ActiveCfg = MinSizeRel|x64
		{2561D8E5-3115-37C2-A83B-25AEEDCCD4AA}.RelWithDebInfo|x64.ActiveCfg = RelWithDebInfo|x64
		{D98EB092-3507-3AF1-8E5E-4380E91B9703}.Debug|x64.ActiveCfg = Debug|x64
		{D98EB092-3507-3AF1-8E5E-4380E91B9703}.Debug|x64.Build.0 = Debug|x64
		{D98EB092-3507-3AF1-8E5E-4380E91B9703}.Release|x64.ActiveCfg = Release|x64
		{D98EB092-3507-3AF1-8E5E-4380E91B9703}.Release|x64.Build.0 = Release|x64
		{D98EB092-3507-3AF1-8E5E-4380E91B9703}.MinSizeRel|x64.ActiveCfg = MinSizeRel|x64
		{D98EB092-3507-3AF1-8E5E-4380E91B9703}.MinSizeRel|x64.Build.0 = MinSizeRel|x64
		{D98EB092-3507-3AF1-8E5E-4380E91B9703}.RelWithDebInfo|x64.ActiveCfg = RelWithDebInfo|x64
		{D98EB092-3507-3AF1-8E5E-4380E91B9703}.RelWithDebInfo|x64.Build.0 = RelWithDebInfo|x64
		{1F363A6D-6047-3793-87B8-1E53DA558EA8}.Debug|x64.ActiveCfg = Debug|x64
		{1F363A6D-6047-3793-87B8-1E53DA558EA8}.Debug|x64.Build.0 = Debug|x64
		{1F363A6D-6047-3793-87B8-1E53DA558EA8}.Release|x64.ActiveCfg = Release|x64
		{1F363A6D-6047-3793-87B8-1E53DA558EA8}.Release|x64.Build.0 = Release|x64
		{1F363A6D-6047-3793-87B8-1E53DA558EA8}.MinSizeRel|x64.ActiveCfg = MinSizeRel|x64
		{1F363A6D-6047-3793-87B8-1E53DA558EA8}.MinSizeRel|x64.Build.0 = MinSizeRel|x64
		{1F363A6D-6047-3793-87B8-1E53DA558EA8}.RelWithDebInfo|x64.ActiveCfg = RelWithDebInfo|x64
		{1F363A6D-6047-3793-87B8-1E53DA558EA8}.RelWithDebInfo|x64.Build.0 = RelWithDebInfo|x64
		{50C31BCB-B54C-3817-BB1E-8124EBCF9B40}.Debug|x64.ActiveCfg = Debug|x64
		{50C31BCB-B54C-3817-BB1E-8124EBCF9B40}.Debug|x64.Build.0 = Debug|x64
		{50C31BCB-B54C-3817-BB1E-8124EBCF9B40}.Release|x64.ActiveCfg = Release|x64
		{50C31BCB-B54C-3817-BB1E-8124EBCF9B40}.Release|x64.Build.0 = Release|x64
		{50C31BCB-B54C-3817-BB1E-8124EBCF9B40}.MinSizeRel|x64.ActiveCfg = MinSizeRel|x64
		{50C31BCB-B54C-3817-BB1E-8124EBCF9B40}.MinSizeRel|x64.Build.0 = MinSizeRel|x64
		{50C31BCB-B54C-3817-BB1E-8124EBCF9B40}.RelWithDebInfo|x64.ActiveCfg = RelWithDebInfo|x64
		{50C31BCB-B54C-3817-BB1E-8124EBCF9B40}.RelWithDebInfo|x64.Build.0 = RelWithDebInfo|x64
		{A218D956-9F15-35A8-BD0D-DDC1C509DA71}.Debug|x64.ActiveCfg = Debug|x64
		{A218D956-9F15-35A8-BD0D-DDC1C509DA71}.Debug|x64.Build.0 = Debug|x64
		{A218D956-9F15-35A8-BD0D-DDC1C509DA71}.Release|x64.ActiveCfg = Release|x64
		{A218D956-9F15-35A8-BD0D-DDC1C509DA71}.Release|x64.Build.0 = Release|x64
		{A218D956-9F15-35A8-BD0D-DDC1C509DA71}.MinSizeRel|x64.ActiveCfg = MinSizeRel|x64
		{A218D956-9F15-35A8-BD0D-DDC1C509DA71}.MinSizeRel|x64.Build.0 = MinSizeRel|x64
		{A218D956-9F15-35A8-BD0D-DDC1C509DA71}.RelWithDebInfo|x64.ActiveCfg = RelWithDebInfo|x64
		{A218D956-9F15-35A8-BD0D-DDC1C509DA71}.RelWithDebInfo|x64.Build.0 = RelWithDebInfo|x64
		{DAF1470F-75A9-31E5-92DB-1EEE3FFEB81A}.Debug|x64.ActiveCfg = Debug|x64
		{DAF1470F-75A9-31E5-92DB-1EEE3FFEB81A}.Debug|x64.Build.0 = Debug|x64
		{DAF1470F-75A9-31E5-92DB-1EEE3FFEB81A}.Release|x64.ActiveCfg = Release|x64
		{DAF1470F-75A9-31E5-92DB-1EEE3FFEB81A}.Release|x64.Build.0 = Release|x64
		{DAF1470F-75A9-31E5-92DB-1EEE3FFEB81A}.MinSizeRel|x64.ActiveCfg = MinSizeRel|x64
		{DAF1470F-75A9-31E5-92DB-1EEE3FFEB81A}.MinSizeRel|x64.Build.0 = MinSizeRel|x64
		{DAF1470F-75A9-31E5-92DB-1EEE3FFEB81A}.RelWithDebInfo|x64.ActiveCfg = RelWithDebInfo|x64
		{DAF1470F-75A9-31E5-92DB-1EEE3FFEB81A}.RelWithDebInfo|x64.Build.0 = RelWithDebInfo|x64
	EndGlobalSection
	GlobalSection(NestedProjects) = preSolution
		{2561D8E5-3115-37C2-A83B-25AEEDCCD4AA} = {827EDE9E-0E15-3C8E-B56E-A90444A45874}
		{1F363A6D-6047-3793-87B8-1E53DA558EA8} = {827EDE9E-0E15-3C8E-B56E-A90444A45874}
		{50C31BCB-B54C-3817-BB1E-8124EBCF9B40} = {3BF6036B-F986-381A-8BC5-95971EC3DAFF}
		{A218D956-9F15-35A8-BD0D-DDC1C509DA71} = {3BF6036B-F986-381A-8BC5-95971EC3DAFF}
		{DAF1470F-75A9-31E5-92DB-1EEE3FFEB81A} = {3BF6036B-F986-381A-8BC5-95971EC3DAFF}
	EndGlobalSection
	GlobalSection(ExtensibilityGlobals) = postSolution
		SolutionGuid = {74EACFF9-F294-3B8D-82B2-DE290FCA79B5}
	EndGlobalSection
	GlobalSection(ExtensibilityAddIns) = postSolution
	EndGlobalSection
EndGlobal
