<?xml version="1.0" encoding="utf-8"?>
<Project ToolsVersion="17.0" xmlns="http://schemas.microsoft.com/developer/msbuild/2003">
  <ItemGroup>
    <CustomBuild Include="C:\prenos\godot-zyllan\MagicBalls\MagicBalls\gitextension\godot-cpp-template\godot-cpp\gdextension\extension_api.json" />
    <CustomBuild Include="C:\prenos\godot-zyllan\MagicBalls\MagicBalls\gitextension\godot-cpp-template\build2\CMakeFiles\9914e8e350ef97a3077bd69403873d3a\generate_bindings.rule">
      <Filter>CMake Rules</Filter>
    </CustomBuild>
    <CustomBuild Include="C:\prenos\godot-zyllan\MagicBalls\MagicBalls\gitextension\godot-cpp-template\godot-cpp\CMakeLists.txt" />
  </ItemGroup>
  <ItemGroup>
    <None Include="C:\prenos\godot-zyllan\MagicBalls\MagicBalls\gitextension\godot-cpp-template\build2\godot-cpp\CMakeFiles\generate_bindings" />
  </ItemGroup>
  <ItemGroup>
    <Filter Include="CMake Rules">
      <UniqueIdentifier>{335C37C7-E218-3469-8D53-B463AA2560AB}</UniqueIdentifier>
    </Filter>
  </ItemGroup>
</Project>
